
Microsoft Visual Studio Solution File, Format Version 12.00
# Visual Studio Version 17
VisualStudioVersion = 17.8.34525.116
MinimumVisualStudioVersion = 10.0.40219.1
Project("{FAE04EC0-301F-11D3-BF4B-00C04F79EFBC}") = "XZO_Fitness", "XZO_Fitness\XZO_Fitness.csproj", "{19045537-4FA8-4BFA-8D20-6A3AFE4E2153}"
EndProject
Global
	GlobalSection(SolutionConfigurationPlatforms) = preSolution
		Debug|Any CPU = Debug|Any CPU
		Release|Any CPU = Release|Any CPU
	EndGlobalSection
	GlobalSection(ProjectConfigurationPlatforms) = postSolution
		{19045537-4FA8-4BFA-8D20-6A3AFE4E2153}.Debug|Any CPU.ActiveCfg = Debug|Any CPU
		{19045537-4FA8-4BFA-8D20-6A3AFE4E2153}.Debug|Any CPU.Build.0 = Debug|Any CPU
		{19045537-4FA8-4BFA-8D20-6A3AFE4E2153}.Release|Any CPU.ActiveCfg = Release|Any CPU
		{19045537-4FA8-4BFA-8D20-6A3AFE4E2153}.Release|Any CPU.Build.0 = Release|Any CPU
	EndGlobalSection
	GlobalSection(SolutionProperties) = preSolution
		HideSolutionNode = FALSE
	EndGlobalSection
	GlobalSection(ExtensibilityGlobals) = postSolution
		SolutionGuid = {A2C04585-1CA9-4880-AC91-B343A9F8605D}
	EndGlobalSection
EndGlobal
